
Microsoft Visual Studio Solution File, Format Version 12.00
# Visual Studio 15
VisualStudioVersion = 15.0.28307.136
MinimumVisualStudioVersion = 10.0.40219.1
Project("{FAE04EC0-301F-11D3-BF4B-00C04F79EFBC}") = "1_Even_Numbers_Thread", "1_Even_Numbers_Thread\1_Even_Numbers_Thread.csproj", "{B7DB4610-EE3A-45DB-881D-71F67812DB06}"
EndProject
Global
	GlobalSection(SolutionConfigurationPlatforms) = preSolution
		Debug|Any CPU = Debug|Any CPU
		Release|Any CPU = Release|Any CPU
	EndGlobalSection
	GlobalSection(ProjectConfigurationPlatforms) = postSolution
		{B7DB4610-EE3A-45DB-881D-71F67812DB06}.Debug|Any CPU.ActiveCfg = Debug|Any CPU
		{B7DB4610-EE3A-45DB-881D-71F67812DB06}.Debug|Any CPU.Build.0 = Debug|Any CPU
		{B7DB4610-EE3A-45DB-881D-71F67812DB06}.Release|Any CPU.ActiveCfg = Release|Any CPU
		{B7DB4610-EE3A-45DB-881D-71F67812DB06}.Release|Any CPU.Build.0 = Release|Any CPU
	EndGlobalSection
	GlobalSection(SolutionProperties) = preSolution
		HideSolutionNode = FALSE
	EndGlobalSection
	GlobalSection(ExtensibilityGlobals) = postSolution
		SolutionGuid = {509139AB-021A-45B0-BD00-E1CABA62508B}
	EndGlobalSection
EndGlobal
